version = 1
revision = 3
requires-python = ">=3.12"
resolution-markers = [
    "python_full_version >= '3.14'",
    "python_full_version < '3.14'",
]

[options]
exclude-newer = "0001-01-01T00:00:00Z" # This has no effect and is included for backwards compatibility when using relative exclude-newer values.
exclude-newer-span = "P7D"

[[package]]
name = "anyio"
version = "4.13.0"
source = { registry = "https://pypi.org/simple" }
dependencies = [
    { name = "idna" },
    { name = "typing-extensions", marker = "python_full_version < '3.13'" },
]
sdist = { url = "https://files.pythonhosted.org/packages/19/14/2c5dd9f512b66549ae92767a9c7b330ae88e1932ca57876909410251fe13/anyio-4.13.0.tar.gz", hash = "sha256:334b70e641fd2221c1505b3890c69882fe4a2df910cba14d97019b90b24439dc", size = 231622, upload-time = "2026-03-24T12:59:09.671Z" }
wheels = [
    { url = "https://files.pythonhosted.org/packages/da/42/e921fccf5015463e32a3cf6ee7f980a6ed0f395ceeaa45060b61d86486c2/anyio-4.13.0-py3-none-any.whl", hash = "sha256:08b310f9e24a9594186fd75b4f73f4a4152069e3853f1ed8bfbf58369f4ad708", size = 114353, upload-time = "2026-03-24T12:59:08.246Z" },
]

[[package]]
name = "certifi"
version = "2026.5.20"
source = { registry = "https://pypi.org/simple" }
sdist = { url = "https://files.pythonhosted.org/packages/f3/ce/ee2ecad540810a79593028e88299baeae54d346cc7a0d94b6199988b89b1/certifi-2026.5.20.tar.gz", hash = "sha256:69dea482ab64caa7b9f6aba1c6bf48bb6a5448d1c0f1b17ab42ad8c763a5344d", size = 135422, upload-time = "2026-05-20T11:46:50.073Z" }
wheels = [
    { url = "https://files.pythonhosted.org/packages/59/8c/57e832b7af6d7c5abe66eb3fbe3a3a32f4d11ea23a1aa7131371035be991/certifi-2026.5.20-py3-none-any.whl", hash = "sha256:3c52e209ba0a4ad7aebe60436a4ab349c39e1e602e8c134221e546902ad25897", size = 134134, upload-time = "2026-05-20T11:46:48.578Z" },
]

[[package]]
name = "daphne"
version = "0.3.0"
source = { editable = "." }
dependencies = [
    { name = "httpx" },
    { name = "parth-dl" },
    { name = "python-telegram-bot" },
    { name = "valkey" },
]

[package.dev-dependencies]
dev = [
    { name = "ruff" },
]

[package.metadata]
requires-dist = [
    { name = "httpx", specifier = ">=0.28.1" },
    { name = "parth-dl", specifier = ">=1.0.1" },
    { name = "python-telegram-bot", specifier = ">=22.8" },
    { name = "valkey", specifier = ">=6.1.1" },
]

[package.metadata.requires-dev]
dev = [{ name = "ruff", specifier = ">=0.15.21" }]

[[package]]
name = "h11"
version = "0.16.0"
source = { registry = "https://pypi.org/simple" }
sdist = { url = "https://files.pythonhosted.org/packages/01/ee/02a2c011bdab74c6fb3c75474d40b3052059d95df7e73351460c8588d963/h11-0.16.0.tar.gz", hash = "sha256:4e35b956cf45792e4caa5885e69fba00bdbc6ffafbfa020300e549b208ee5ff1", size = 101250, upload-time = "2025-04-24T03:35:25.427Z" }
wheels = [
    { url = "https://files.pythonhosted.org/packages/04/4b/29cac41a4d98d144bf5f6d33995617b185d14b22401f75ca86f384e87ff1/h11-0.16.0-py3-none-any.whl", hash = "sha256:63cf8bbe7522de3bf65932fda1d9c2772064ffb3dae62d55932da54b31cb6c86", size = 37515, upload-time = "2025-04-24T03:35:24.344Z" },
]

[[package]]
name = "httpcore"
version = "1.0.9"
source = { registry = "https://pypi.org/simple" }
dependencies = [
    { name = "certifi" },
    { name = "h11" },
]
sdist = { url = "https://files.pythonhosted.org/packages/06/94/82699a10bca87a5556c9c59b5963f2d039dbd239f25bc2a63907a05a14cb/httpcore-1.0.9.tar.gz", hash = "sha256:6e34463af53fd2ab5d807f399a9b45ea31c3dfa2276f15a2c3f00afff6e176e8", size = 85484, upload-time = "2025-04-24T22:06:22.219Z" }
wheels = [
    { url = "https://files.pythonhosted.org/packages/7e/f5/f66802a942d491edb555dd61e3a9961140fd64c90bce1eafd741609d334d/httpcore-1.0.9-py3-none-any.whl", hash = "sha256:2d400746a40668fc9dec9810239072b40b4484b640a8c38fd654a024c7a1bf55", size = 78784, upload-time = "2025-04-24T22:06:20.566Z" },
]

[[package]]
name = "httpx"
version = "0.28.1"
source = { registry = "https://pypi.org/simple" }
dependencies = [
    { name = "anyio" },
    { name = "certifi" },
    { name = "httpcore" },
    { name = "idna" },
]
sdist = { url = "https://files.pythonhosted.org/packages/b1/df/48c586a5fe32a0f01324ee087459e112ebb7224f646c0b5023f5e79e9956/httpx-0.28.1.tar.gz", hash = "sha256:75e98c5f16b0f35b567856f597f06ff2270a374470a5c2392242528e3e3e42fc", size = 141406, upload-time = "2024-12-06T15:37:23.222Z" }
wheels = [
    { url = "https://files.pythonhosted.org/packages/2a/39/e50c7c3a983047577ee07d2a9e53faf5a69493943ec3f6a384bdc792deb2/httpx-0.28.1-py3-none-any.whl", hash = "sha256:d909fcccc110f8c7faf814ca82a9a4d816bc5a6dbfea25d6591d6985b8ba59ad", size = 73517, upload-time = "2024-12-06T15:37:21.509Z" },
]

[[package]]
name = "idna"
version = "3.18"
source = { registry = "https://pypi.org/simple" }
sdist = { url = "https://files.pythonhosted.org/packages/cd/63/9496c57188a2ee585e0f1db071d75089a11e98aa86eb99d9d7618fc1edce/idna-3.18.tar.gz", hash = "sha256:ffb385a7e039654cef1ab9ef32c6fafe283c0c0467bba1d9029738ce4a14a848", size = 196711, upload-time = "2026-06-02T14:34:07.794Z" }
wheels = [
    { url = "https://files.pythonhosted.org/packages/1e/5e/d4e9f1a599fb8e573b7b87160658329fbf28d19eac2718f51fc3def3aa5a/idna-3.18-py3-none-any.whl", hash = "sha256:7f952cbe720b688055e3f87de14f5c3e5fdaa8bc3928985c4077ca689de849a2", size = 65455, upload-time = "2026-06-02T14:34:06.319Z" },
]

[[package]]
name = "parth-dl"
version = "1.0.1"
source = { registry = "https://pypi.org/simple" }
sdist = { url = "https://files.pythonhosted.org/packages/71/a5/74ae3325d84b0a4fce9f8247ed939af5525298a34567ce3ee8747de9fd8e/parth_dl-1.0.1.tar.gz", hash = "sha256:b4bb8c980a993d261027408f0d4f8f15c8463ddc198453edc88202f242c80d8c", size = 21390, upload-time = "2025-10-28T08:06:36.228Z" }
wheels = [
    { url = "https://files.pythonhosted.org/packages/a7/96/31a314ca06cf5ccffca5a81fbd7686b948b377baf9d01885dd545d29d994/parth_dl-1.0.1-py3-none-any.whl", hash = "sha256:86d08530dc562924afbee67e8e0acbdb914c8582457884097186a8a63c777da2", size = 19291, upload-time = "2025-10-28T08:06:32.069Z" },
]

[[package]]
name = "python-telegram-bot"
version = "22.8"
source = { registry = "https://pypi.org/simple" }
dependencies = [
    { name = "httpcore", marker = "python_full_version >= '3.14'" },
    { name = "httpx" },
]
sdist = { url = "https://files.pythonhosted.org/packages/ba/77/153517bb1ac1bba670c6fb1dbf09e1fd0730494b1705934e715391413a0d/python_telegram_bot-22.8.tar.gz", hash = "sha256:f9d3847fcb23ee603477e442800b33bb4adf851a73e0619d2050be879decf1ef", size = 1551700, upload-time = "2026-06-12T08:10:29.1Z" }
wheels = [
    { url = "https://files.pythonhosted.org/packages/60/7c/ed7d4dd94280bd434173cae9f7a7aedaaab9af128ae4f494423a5687c820/python_telegram_bot-22.8-py3-none-any.whl", hash = "sha256:42373918097f1b837cc4e717d588c19ea79651497ec712bb5b0c76e5e63c50e1", size = 769397, upload-time = "2026-06-12T08:10:27.066Z" },
]

[[package]]
name = "ruff"
version = "0.15.21"
source = { registry = "https://pypi.org/simple" }
sdist = { url = "https://files.pythonhosted.org/packages/0f/36/6f65aa9989acdec45d417192d8f4e7921931d8a6cf87ac74bce3eed98a8e/ruff-0.15.21.tar.gz", hash = "sha256:d0cfc841c572283c36548f82664a54ce6565567f1b0d5b4cf2caac693d8b7500", size = 4769401, upload-time = "2026-07-09T20:01:34.005Z" }
wheels = [
    { url = "https://files.pythonhosted.org/packages/d0/c6/ede15cac6839f3dbce52565c8f5164a8210e669c7bc4decb03e5bdf47d0d/ruff-0.15.21-py3-none-linux_armv6l.whl", hash = "sha256:63ea0e965e5d73c90e95b2434beeafc70820536717f561b32ab6e777cb9bdf5d", size = 10854342, upload-time = "2026-07-09T20:00:53.998Z" },
    { url = "https://files.pythonhosted.org/packages/28/9d/d825b07ee7ea9e2d61df92a860033c94e06e7300d50a1c2653aac27d24fe/ruff-0.15.21-py3-none-macosx_10_12_x86_64.whl", hash = "sha256:0f212c5d7d54c01bbfe6dcab02b724a39300f3e34ed7acbe995ccb320a2c58bd", size = 11139539, upload-time = "2026-07-09T20:00:57.809Z" },
    { url = "https://files.pythonhosted.org/packages/f5/de/3b107712e642f063c7a9e0887c427b22cb44097de5aab36c05f2e280670c/ruff-0.15.21-py3-none-macosx_11_0_arm64.whl", hash = "sha256:e6312e41bc96791299614995ea3a977c5857c3b5662b1ecef6755b02b87cb646", size = 10595437, upload-time = "2026-07-09T20:01:00.006Z" },
    { url = "https://files.pythonhosted.org/packages/9a/6f/b4523cc90ba239ede441447a19d0c968846a3012e5a0b0c5b62831a3d5e3/ruff-0.15.21-py3-none-manylinux_2_17_aarch64.manylinux2014_aarch64.whl", hash = "sha256:01d65b4831c6b2a4ba8ee6faa84049d44d982b7a706e622c4094c509e51673be", size = 10990053, upload-time = "2026-07-09T20:01:02.187Z" },
    { url = "https://files.pythonhosted.org/packages/92/cc/c6a9872a5375f0628875481cf2f66b13d7d865bf3ca2e57f91c7e762d976/ruff-0.15.21-py3-none-manylinux_2_17_armv7l.manylinux2014_armv7l.whl", hash = "sha256:2c5a913a589120ce67933d5d05fd6ddbcc2481c6a054980ee767f7414c72b4fd", size = 10666096, upload-time = "2026-07-09T20:01:04.299Z" },
    { url = "https://files.pythonhosted.org/packages/ab/97/c621f7a17e097f1790fa3af6374138823b330b2d03fc38337945daca212c/ruff-0.15.21-py3-none-manylinux_2_17_i686.manylinux2014_i686.whl", hash = "sha256:5ef04b681d02ad4dc9620f00f83ac5c22f652d0e9a9cfe431d219b16ad5ccc41", size = 11537011, upload-time = "2026-07-09T20:01:06.771Z" },
    { url = "https://files.pythonhosted.org/packages/ea/51/d928727e476e25ccc57c6f449ffd80241a651a973ad949d39cfb2a771d28/ruff-0.15.21-py3-none-manylinux_2_17_ppc64le.manylinux2014_ppc64le.whl", hash = "sha256:16d090c0740916594157e75b80d666eab8e78083b39b3b0e1d698f4670a17b86", size = 12347101, upload-time = "2026-07-09T20:01:08.859Z" },
    { url = "https://files.pythonhosted.org/packages/1e/88/8cd62026802b16018ad06931d87997cf795ba2a6239ab659606c87d96bf0/ruff-0.15.21-py3-none-manylinux_2_17_s390x.manylinux2014_s390x.whl", hash = "sha256:3a10e74757dd65004d779b73e2f3c5210156d9980b41224d50d2ebcf1db51e67", size = 11572001, upload-time = "2026-07-09T20:01:11.092Z" },
    { url = "https://files.pythonhosted.org/packages/b2/97/f63084cf55444fc110e8cb985ebfcc592af47f597d44453d778cb81bc156/ruff-0.15.21-py3-none-manylinux_2_17_x86_64.manylinux2014_x86_64.whl", hash = "sha256:bab0905d2f29e0d9fbc3c373ed23db0095edaa3f71f1f4f519ec15134d9e85c8", size = 11549239, upload-time = "2026-07-09T20:01:13.27Z" },
    { url = "https://files.pythonhosted.org/packages/9d/77/f107da4a2874b7715914b03f09ba9c54424de3ff8a1cc5d015d3ee2ce0ac/ruff-0.15.21-py3-none-manylinux_2_31_riscv64.whl", hash = "sha256:00eca240af5789fec6fe7df74c088cc1f9644ed83027113468efba7c92b94075", size = 11535340, upload-time = "2026-07-09T20:01:15.206Z" },
    { url = "https://files.pythonhosted.org/packages/d5/e9/601deb322d3303a7bf212b0100ead6f2ee3f6a044d89c30f2f92bf83c731/ruff-0.15.21-py3-none-musllinux_1_2_aarch64.whl", hash = "sha256:262ab31557a75141325e32d3357f3597645a7f084e732b6b054dde428ecd9341", size = 10964048, upload-time = "2026-07-09T20:01:17.723Z" },
    { url = "https://files.pythonhosted.org/packages/ea/2e/0f2176d1e99c15192caea19c8c3a0a955246b4cb4de795042eeb616345cd/ruff-0.15.21-py3-none-musllinux_1_2_armv7l.whl", hash = "sha256:659c4e7a4212f83306045ec7c5e5a356d16d9a6ef4ae0c7a4d872914fc655d9d", size = 10667055, upload-time = "2026-07-09T20:01:19.73Z" },
    { url = "https://files.pythonhosted.org/packages/48/60/abd74a02e0c4214f12a68becfd30af7165cfdcb0e661ecdc60bbb949c09a/ruff-0.15.21-py3-none-musllinux_1_2_i686.whl", hash = "sha256:9e866eab611a5f959d36df2d10e446973a3610bc42b0c15b31dc27977d59c233", size = 11242043, upload-time = "2026-07-09T20:01:21.947Z" },
    { url = "https://files.pythonhosted.org/packages/b2/c6/583075d8ccabb4b229345edcaf1545eb3d8d6be90f686a479d7e94088bbf/ruff-0.15.21-py3-none-musllinux_1_2_x86_64.whl", hash = "sha256:e89bc93c0d3803ba870b55c29671bad9dc6d94bb1eb181b056b52eb05b52854f", size = 11648064, upload-time = "2026-07-09T20:01:24.023Z" },
    { url = "https://files.pythonhosted.org/packages/3a/3c/37d0ecb729a7cc2d393ea7dce316fc585680f35d93b8d62139d7d0a3700c/ruff-0.15.21-py3-none-win32.whl", hash = "sha256:01f8d5be84823c172b389e123174f781f9daf86d6c58719d603f941932195cdd", size = 10896555, upload-time = "2026-07-09T20:01:26.941Z" },
    { url = "https://files.pythonhosted.org/packages/c0/b8/e43466b2a6067ce91e669068f6e28d6c719a920f014b070d5c8731725de3/ruff-0.15.21-py3-none-win_amd64.whl", hash = "sha256:d4b8d9a2f0f12b816b50447f6eccb9f4bb01a6b82c86b50fb3b5354b458dc6d3", size = 12038772, upload-time = "2026-07-09T20:01:29.497Z" },
    { url = "https://files.pythonhosted.org/packages/dd/75/e90ab9aeece218a9fc5a5bc3ec97d0ee6bb3c4ff95869463c1de58e29a1c/ruff-0.15.21-py3-none-win_arm64.whl", hash = "sha256:6e83115d4b9377c1cbc13abf0e051f069fab0ef815ea0504a8a008cee24dd0a8", size = 11375265, upload-time = "2026-07-09T20:01:31.772Z" },
]

[[package]]
name = "typing-extensions"
version = "4.15.0"
source = { registry = "https://pypi.org/simple" }
sdist = { url = "https://files.pythonhosted.org/packages/72/94/1a15dd82efb362ac84269196e94cf00f187f7ed21c242792a923cdb1c61f/typing_extensions-4.15.0.tar.gz", hash = "sha256:0cea48d173cc12fa28ecabc3b837ea3cf6f38c6d1136f85cbaaf598984861466", size = 109391, upload-time = "2025-08-25T13:49:26.313Z" }
wheels = [
    { url = "https://files.pythonhosted.org/packages/18/67/36e9267722cc04a6b9f15c7f3441c2363321a3ea07da7ae0c0707beb2a9c/typing_extensions-4.15.0-py3-none-any.whl", hash = "sha256:f0fa19c6845758ab08074a0cfa8b7aecb71c999ca73d62883bc25cc018c4e548", size = 44614, upload-time = "2025-08-25T13:49:24.86Z" },
]

[[package]]
name = "valkey"
version = "6.1.1"
source = { registry = "https://pypi.org/simple" }
sdist = { url = "https://files.pythonhosted.org/packages/c3/ee/7fd930fc712275084722ddd464a0ea296abdb997d2da396320507968daeb/valkey-6.1.1.tar.gz", hash = "sha256:5880792990c6c2b5eb604a5ed5f98f300880b6dd92d123819b66ed54bb259731", size = 4601372, upload-time = "2025-08-11T06:41:10.63Z" }
wheels = [
    { url = "https://files.pythonhosted.org/packages/d0/a2/252afa4da08c714460f49e943070f86a02931f99f886182765194002fe33/valkey-6.1.1-py3-none-any.whl", hash = "sha256:e2691541c6e1503b53c714ad9a35551ac9b7c0bbac93865f063dbc859a46de92", size = 259474, upload-time = "2025-08-11T06:41:08.769Z" },
]
